PODS:
  - AppAuth (0.92.0)
  - BigInt.swift (1.0.0)
  - Bitski (0.2.0):
    - AppAuth (~> 0.92)
    - BigInt.swift (~> 1.0)
    - PromiseKit/CorePromise (~> 6.0)
    - secp256k1.swift (~> 0.1)
    - Web3 (~> 0.2)
    - Web3/PromiseKit (~> 0.2)
  - CryptoSwift (0.10.0)
  - KSCrash/Core (1.15.18):
    - KSCrash/Reporting/Filters/Basic
  - KSCrash/Recording (1.15.18):
    - KSCrash/Recording/Tools (= 1.15.18)
  - KSCrash/Recording/Tools (1.15.18)
  - KSCrash/Reporting/Filters/Base (1.15.18):
    - KSCrash/Recording
  - KSCrash/Reporting/Filters/Basic (1.15.18):
    - KSCrash/Recording
    - KSCrash/Reporting/Filters/Base
  - PromiseKit/CorePromise (6.2.6)
  - secp256k1.swift (0.1.4)
  - Sentry (3.13.0):
    - Sentry/Core (= 3.13.0)
    - Sentry/KSCrash (= 3.13.0)
  - Sentry/Core (3.13.0)
  - Sentry/KSCrash (3.13.0):
    - KSCrash/Core (~> 1.15.12)
  - Web3 (0.2.1):
    - Web3/Core (= 0.2.1)
    - Web3/HTTPExtension (= 0.2.1)
  - Web3/Core (0.2.1):
    - BigInt.swift (~> 1.0)
    - CryptoSwift (~> 0.8)
    - secp256k1.swift (~> 0.1)
  - Web3/HTTPExtension (0.2.1):
    - Web3/Core
  - Web3/PromiseKit (0.2.1):
    - PromiseKit/CorePromise (~> 6.0)
    - Web3/Core

DEPENDENCIES:
  - Bitski
  - Sentry
  - Web3
  - Web3/PromiseKit

SPEC REPOS:
  https://github.com/cocoapods/specs.git:
    - AppAuth
    - BigInt.swift
    - Bitski
    - CryptoSwift
    - KSCrash
    - PromiseKit
    - secp256k1.swift
    - Sentry
    - Web3

SPEC CHECKSUMS:
  AppAuth: 3f4f1d6d85ad631d0bbf15ffcdc10c447face97a
  BigInt.swift: 1e0ddf08d82166e72dfb0fa8d40301d273081afc
  Bitski: 0461df113ec7a69449145e80fbe6a041f3cff501
  CryptoSwift: 6c778d69282bed3b4e975ff97a79d074f20bb011
  KSCrash: 5394936f41e5c1ef7b79cf79b30d53299b0c160e
  PromiseKit: 8245cb2e3a8fe00453e580bd4aafb57e1671f501
  secp256k1.swift: a7e7a214f6db6ce5db32cc6b2b45e5c4dd633634
  Sentry: 871762436b55524a7f109bbcdfe90d3f0812d895
  Web3: bf3c71ce4be523136df63f484001f17cbfd639b1

PODFILE CHECKSUM: 58037beb3b7158e5272ec70c247c0fef41c7df78

COCOAPODS: 1.5.3
