PODS:
  - AppAuth (0.92.0)
  - BigInt.swift (1.0.0)
  - Bitski (0.1.1):
    - AppAuth (~> 0.92)
    - BigInt.swift (~> 1.0)
    - PromiseKit/CorePromise (~> 6.0)
    - secp256k1.swift (~> 0.1)
    - Web3 (~> 0.1)
    - Web3/PromiseKit (~> 0.1)
  - CryptoSwift (0.9.0)
  - PromiseKit/CorePromise (6.2.6)
  - secp256k1.swift (0.1.4)
  - Web3 (0.1.1):
    - Web3/Core (= 0.1.1)
    - Web3/HTTPExtension (= 0.1.1)
  - Web3/Core (0.1.1):
    - BigInt.swift (~> 1.0)
    - CryptoSwift (~> 0.8)
    - secp256k1.swift (~> 0.1)
  - Web3/HTTPExtension (0.1.1):
    - Web3/Core
  - Web3/PromiseKit (0.1.1):
    - PromiseKit/CorePromise (~> 6.0)
    - Web3/Core

DEPENDENCIES:
  - Bitski
  - Web3
  - Web3/PromiseKit

SPEC REPOS:
  https://github.com/cocoapods/specs.git:
    - AppAuth
    - BigInt.swift
    - Bitski
    - CryptoSwift
    - PromiseKit
    - secp256k1.swift
    - Web3

SPEC CHECKSUMS:
  AppAuth: 3f4f1d6d85ad631d0bbf15ffcdc10c447face97a
  BigInt.swift: 1e0ddf08d82166e72dfb0fa8d40301d273081afc
  Bitski: 2c2261f6e5af3521a980a7d77fa89306dce7be68
  CryptoSwift: bca8c5b653dcc2d9734409242a070ff53bafac86
  PromiseKit: 8245cb2e3a8fe00453e580bd4aafb57e1671f501
  secp256k1.swift: a7e7a214f6db6ce5db32cc6b2b45e5c4dd633634
  Web3: 1f0c38c8508b8487948af1cb597653b018f4b5d3

PODFILE CHECKSUM: ab87ab8bc5f5d2cd3e4a8cd6386d4b1c7fffd306

COCOAPODS: 1.5.2
