PODS:
  - AppAuth (0.94.0)
  - BigInt (3.1.0):
    - SipHash (~> 1.2)
  - BigInt.swift (1.0.0)
  - Bitski (0.4.1):
    - AppAuth (~> 0.93)
    - BigInt.swift (~> 1.0)
    - PromiseKit/CorePromise (~> 6.0)
    - secp256k1.swift (~> 0.1)
    - Web3 (~> 0.3.0)
    - Web3/ContractABI (~> 0.3.0)
    - Web3/PromiseKit (~> 0.3.0)
  - CryptoSwift (0.10.0)
  - KSCrash/Core (1.15.18):
    - KSCrash/Reporting/Filters/Basic
  - KSCrash/Recording (1.15.18):
    - KSCrash/Recording/Tools (= 1.15.18)
  - KSCrash/Recording/Tools (1.15.18)
  - KSCrash/Reporting/Filters/Base (1.15.18):
    - KSCrash/Recording
  - KSCrash/Reporting/Filters/Basic (1.15.18):
    - KSCrash/Recording
    - KSCrash/Reporting/Filters/Base
  - PromiseKit (6.3.0):
    - PromiseKit/CorePromise (= 6.3.0)
    - PromiseKit/Foundation (= 6.3.0)
    - PromiseKit/UIKit (= 6.3.0)
  - PromiseKit/CorePromise (6.3.0)
  - PromiseKit/Foundation (6.3.0):
    - PromiseKit/CorePromise
  - PromiseKit/UIKit (6.3.0):
    - PromiseKit/CorePromise
  - secp256k1.swift (0.1.4)
  - Sentry (3.13.0):
    - Sentry/Core (= 3.13.0)
    - Sentry/KSCrash (= 3.13.0)
  - Sentry/Core (3.13.0)
  - Sentry/KSCrash (3.13.0):
    - KSCrash/Core (~> 1.15.12)
  - SipHash (1.2.2)
  - Sourcery (0.13.1)
  - Web3 (0.3.0):
    - Web3/Core (= 0.3.0)
    - Web3/HTTPExtension (= 0.3.0)
  - Web3/ContractABI (0.3.0):
    - Web3/Core
  - Web3/Core (0.3.0):
    - BigInt (~> 3.1)
    - CryptoSwift (~> 0.8)
    - secp256k1.swift (~> 0.1)
  - Web3/HTTPExtension (0.3.0):
    - Web3/Core
  - Web3/PromiseKit (0.3.0):
    - PromiseKit/CorePromise (~> 6.0)
    - Web3/Core

DEPENDENCIES:
  - Bitski (= 0.4.1)
  - PromiseKit
  - Sentry
  - Sourcery
  - Web3 (= 0.3.0)
  - Web3/ContractABI (= 0.3.0)
  - Web3/PromiseKit (= 0.3.0)

SPEC REPOS:
  https://github.com/cocoapods/specs.git:
    - AppAuth
    - BigInt
    - BigInt.swift
    - Bitski
    - CryptoSwift
    - KSCrash
    - PromiseKit
    - secp256k1.swift
    - Sentry
    - SipHash
    - Sourcery
    - Web3

SPEC CHECKSUMS:
  AppAuth: 0f099c2286a1a9754e5bd27211c43d307dc4f778
  BigInt: 76b5dfdfa3e2e478d4ffdf161aeede5502e2742f
  BigInt.swift: 1e0ddf08d82166e72dfb0fa8d40301d273081afc
  Bitski: 5e238bff9ef232e5817ce6f30e51170cb2ca3984
  CryptoSwift: 6c778d69282bed3b4e975ff97a79d074f20bb011
  KSCrash: 5394936f41e5c1ef7b79cf79b30d53299b0c160e
  PromiseKit: cf84bbb1235a61473b326c5cf0b41f6828f87ba5
  secp256k1.swift: a7e7a214f6db6ce5db32cc6b2b45e5c4dd633634
  Sentry: 871762436b55524a7f109bbcdfe90d3f0812d895
  SipHash: fad90a4683e420c52ef28063063dbbce248ea6d4
  Sourcery: 9ef51b8777516f204d82996441f293813158d0d7
  Web3: 94f87f301a94cfb064d90baf25e2d3603c332551

PODFILE CHECKSUM: 313c3cc5c66fae6a3794a18806b0e6258b681d53

COCOAPODS: 1.5.3
