// !$*UTF8*$!
{
	archiveVersion = 1;
	classes = {
	};
	objectVersion = 50;
	objects = {

/* Begin PBXBuildFile section */
		23F6501A7D2085D9244AC1B7 /* Pods_Shared_ExampleNativeDApp.framework in Frameworks */ = {isa = PBXBuildFile; fileRef = 60F50E315F8C1C8873A5712B /* Pods_Shared_ExampleNativeDApp.framework */; };
		D31247F3209E459A00981CCD /* AuthScene.swift in Sources */ = {isa = PBXBuildFile; fileRef = D31247F2209E459A00981CCD /* AuthScene.swift */; };
		D31247F4209E487300981CCD /* AuthScene.sks in Resources */ = {isa = PBXBuildFile; fileRef = D31247F1209E458900981CCD /* AuthScene.sks */; };
		D31247FA209E680100981CCD /* LimitedMintableNonFungibleToken.swift in Sources */ = {isa = PBXBuildFile; fileRef = D31247F9209E680100981CCD /* LimitedMintableNonFungibleToken.swift */; };
		D37B21E5209F9E240067810B /* CrewScene.swift in Sources */ = {isa = PBXBuildFile; fileRef = D37B21E4209F9E240067810B /* CrewScene.swift */; };
		D3B9CFB6209E19550019D863 /* AppDelegate.swift in Sources */ = {isa = PBXBuildFile; fileRef = D3B9CFB5209E19550019D863 /* AppDelegate.swift */; };
		D3B9CFBE209E19550019D863 /* GameViewController.swift in Sources */ = {isa = PBXBuildFile; fileRef = D3B9CFBD209E19550019D863 /* GameViewController.swift */; };
		D3B9CFC1209E19550019D863 /* Main.storyboard in Resources */ = {isa = PBXBuildFile; fileRef = D3B9CFBF209E19550019D863 /* Main.storyboard */; };
		D3B9CFC3209E19570019D863 /* Assets.xcassets in Resources */ = {isa = PBXBuildFile; fileRef = D3B9CFC2209E19570019D863 /* Assets.xcassets */; };
		D3B9CFC6209E19570019D863 /* LaunchScreen.storyboard in Resources */ = {isa = PBXBuildFile; fileRef = D3B9CFC4209E19570019D863 /* LaunchScreen.storyboard */; };
		D3B9CFE2209E43940019D863 /* BootScene.sks in Resources */ = {isa = PBXBuildFile; fileRef = D3B9CFE1209E43940019D863 /* BootScene.sks */; };
		D3B9CFE4209E439C0019D863 /* BootScene.swift in Sources */ = {isa = PBXBuildFile; fileRef = D3B9CFE3209E439C0019D863 /* BootScene.swift */; };
		E81606F520AA603400750E3E /* UnitScene.swift in Sources */ = {isa = PBXBuildFile; fileRef = E81606F420AA603400750E3E /* UnitScene.swift */; };
		E81606F720AA604200750E3E /* UnitScene.sks in Resources */ = {isa = PBXBuildFile; fileRef = E81606F620AA604200750E3E /* UnitScene.sks */; };
		E81606FB20AAAB0700750E3E /* TransactionScene.swift in Sources */ = {isa = PBXBuildFile; fileRef = E81606FA20AAAB0700750E3E /* TransactionScene.swift */; };
		E81606FD20AAAD7800750E3E /* TransactionScene.sks in Resources */ = {isa = PBXBuildFile; fileRef = E81606FC20AAAD7800750E3E /* TransactionScene.sks */; };
		E81606FF20AAB9B300750E3E /* NeedFundsScene.swift in Sources */ = {isa = PBXBuildFile; fileRef = E81606FE20AAB9B300750E3E /* NeedFundsScene.swift */; };
		E816070120AAB9C200750E3E /* NeedFundsScene.sks in Resources */ = {isa = PBXBuildFile; fileRef = E816070020AAB9C200750E3E /* NeedFundsScene.sks */; };
		E8F84D6920A77F93003E9F8E /* CrewScene.sks in Resources */ = {isa = PBXBuildFile; fileRef = E8F84D6820A77F93003E9F8E /* CrewScene.sks */; };
/* End PBXBuildFile section */

/* Begin PBXCopyFilesBuildPhase section */
		D3B9CFDE209E1AE30019D863 /* Embed Frameworks */ = {
			isa = PBXCopyFilesBuildPhase;
			buildActionMask = 2147483647;
			dstPath = "";
			dstSubfolderSpec = 10;
			files = (
			);
			name = "Embed Frameworks";
			runOnlyForDeploymentPostprocessing = 0;
		};
/* End PBXCopyFilesBuildPhase section */

/* Begin PBXFileReference section */
		090DB9CE77B10D584013476F /* Pods-Shared-ExampleNativeDApp.release.xcconfig */ = {isa = PBXFileReference; includeInIndex = 1; lastKnownFileType = text.xcconfig; name = "Pods-Shared-ExampleNativeDApp.release.xcconfig"; path = "Pods/Target Support Files/Pods-Shared-ExampleNativeDApp/Pods-Shared-ExampleNativeDApp.release.xcconfig"; sourceTree = "<group>"; };
		26E9AE34ADC3D75B1EC0AB33 /* Pods-Shared-ExampleNativeDApp.debug.xcconfig */ = {isa = PBXFileReference; includeInIndex = 1; lastKnownFileType = text.xcconfig; name = "Pods-Shared-ExampleNativeDApp.debug.xcconfig"; path = "Pods/Target Support Files/Pods-Shared-ExampleNativeDApp/Pods-Shared-ExampleNativeDApp.debug.xcconfig"; sourceTree = "<group>"; };
		60F50E315F8C1C8873A5712B /* Pods_Shared_ExampleNativeDApp.framework */ = {isa = PBXFileReference; explicitFileType = wrapper.framework; includeInIndex = 0; path = Pods_Shared_ExampleNativeDApp.framework; sourceTree = BUILT_PRODUCTS_DIR; };
		D31247F1209E458900981CCD /* AuthScene.sks */ = {isa = PBXFileReference; lastKnownFileType = file.sks; path = AuthScene.sks; sourceTree = "<group>"; };
		D31247F2209E459A00981CCD /* AuthScene.swift */ = {isa = PBXFileReference; lastKnownFileType = sourcecode.swift; path = AuthScene.swift; sourceTree = "<group>"; };
		D31247F9209E680100981CCD /* LimitedMintableNonFungibleToken.swift */ = {isa = PBXFileReference; lastKnownFileType = sourcecode.swift; path = LimitedMintableNonFungibleToken.swift; sourceTree = "<group>"; };
		D37B21E4209F9E240067810B /* CrewScene.swift */ = {isa = PBXFileReference; lastKnownFileType = sourcecode.swift; path = CrewScene.swift; sourceTree = "<group>"; };
		D3B9CFB2209E19550019D863 /* ExampleNativeDApp.app */ = {isa = PBXFileReference; explicitFileType = wrapper.application; includeInIndex = 0; path = ExampleNativeDApp.app; sourceTree = BUILT_PRODUCTS_DIR; };
		D3B9CFB5209E19550019D863 /* AppDelegate.swift */ = {isa = PBXFileReference; lastKnownFileType = sourcecode.swift; path = AppDelegate.swift; sourceTree = "<group>"; };
		D3B9CFBD209E19550019D863 /* GameViewController.swift */ = {isa = PBXFileReference; lastKnownFileType = sourcecode.swift; path = GameViewController.swift; sourceTree = "<group>"; };
		D3B9CFC0209E19550019D863 /* Base */ = {isa = PBXFileReference; lastKnownFileType = file.storyboard; name = Base; path = Base.lproj/Main.storyboard; sourceTree = "<group>"; };
		D3B9CFC2209E19570019D863 /* Assets.xcassets */ = {isa = PBXFileReference; lastKnownFileType = folder.assetcatalog; path = Assets.xcassets; sourceTree = "<group>"; };
		D3B9CFC5209E19570019D863 /* Base */ = {isa = PBXFileReference; lastKnownFileType = file.storyboard; name = Base; path = Base.lproj/LaunchScreen.storyboard; sourceTree = "<group>"; };
		D3B9CFC7209E19570019D863 /* Info.plist */ = {isa = PBXFileReference; lastKnownFileType = text.plist.xml; path = Info.plist; sourceTree = "<group>"; };
		D3B9CFE1209E43940019D863 /* BootScene.sks */ = {isa = PBXFileReference; lastKnownFileType = file.sks; path = BootScene.sks; sourceTree = "<group>"; };
		D3B9CFE3209E439C0019D863 /* BootScene.swift */ = {isa = PBXFileReference; lastKnownFileType = sourcecode.swift; path = BootScene.swift; sourceTree = "<group>"; };
		E81606F420AA603400750E3E /* UnitScene.swift */ = {isa = PBXFileReference; lastKnownFileType = sourcecode.swift; path = UnitScene.swift; sourceTree = "<group>"; };
		E81606F620AA604200750E3E /* UnitScene.sks */ = {isa = PBXFileReference; lastKnownFileType = file.sks; path = UnitScene.sks; sourceTree = "<group>"; };
		E81606FA20AAAB0700750E3E /* TransactionScene.swift */ = {isa = PBXFileReference; lastKnownFileType = sourcecode.swift; path = TransactionScene.swift; sourceTree = "<group>"; };
		E81606FC20AAAD7800750E3E /* TransactionScene.sks */ = {isa = PBXFileReference; lastKnownFileType = file.sks; path = TransactionScene.sks; sourceTree = "<group>"; };
		E81606FE20AAB9B300750E3E /* NeedFundsScene.swift */ = {isa = PBXFileReference; lastKnownFileType = sourcecode.swift; path = NeedFundsScene.swift; sourceTree = "<group>"; };
		E816070020AAB9C200750E3E /* NeedFundsScene.sks */ = {isa = PBXFileReference; lastKnownFileType = file.sks; path = NeedFundsScene.sks; sourceTree = "<group>"; };
		E8F84D6820A77F93003E9F8E /* CrewScene.sks */ = {isa = PBXFileReference; lastKnownFileType = file.sks; path = CrewScene.sks; sourceTree = "<group>"; };
/* End PBXFileReference section */

/* Begin PBXFrameworksBuildPhase section */
		D3B9CFAF209E19550019D863 /* Frameworks */ = {
			isa = PBXFrameworksBuildPhase;
			buildActionMask = 2147483647;
			files = (
				23F6501A7D2085D9244AC1B7 /* Pods_Shared_ExampleNativeDApp.framework in Frameworks */,
			);
			runOnlyForDeploymentPostprocessing = 0;
		};
/* End PBXFrameworksBuildPhase section */

/* Begin PBXGroup section */
		7B7BB5761C6B20CC4BFD9A03 /* Frameworks */ = {
			isa = PBXGroup;
			children = (
				60F50E315F8C1C8873A5712B /* Pods_Shared_ExampleNativeDApp.framework */,
			);
			name = Frameworks;
			sourceTree = "<group>";
		};
		D30AA9203B2C87CF6119B57B /* Pods */ = {
			isa = PBXGroup;
			children = (
				26E9AE34ADC3D75B1EC0AB33 /* Pods-Shared-ExampleNativeDApp.debug.xcconfig */,
				090DB9CE77B10D584013476F /* Pods-Shared-ExampleNativeDApp.release.xcconfig */,
			);
			name = Pods;
			sourceTree = "<group>";
		};
		D3B9CFA9209E19550019D863 = {
			isa = PBXGroup;
			children = (
				D3B9CFB4209E19550019D863 /* ExampleNativeDApp */,
				D3B9CFB3209E19550019D863 /* Products */,
				D30AA9203B2C87CF6119B57B /* Pods */,
				7B7BB5761C6B20CC4BFD9A03 /* Frameworks */,
			);
			sourceTree = "<group>";
		};
		D3B9CFB3209E19550019D863 /* Products */ = {
			isa = PBXGroup;
			children = (
				D3B9CFB2209E19550019D863 /* ExampleNativeDApp.app */,
			);
			name = Products;
			sourceTree = "<group>";
		};
		D3B9CFB4209E19550019D863 /* ExampleNativeDApp */ = {
			isa = PBXGroup;
			children = (
				D3B9CFB5209E19550019D863 /* AppDelegate.swift */,
				D31247F1209E458900981CCD /* AuthScene.sks */,
				D31247F2209E459A00981CCD /* AuthScene.swift */,
				D3B9CFE1209E43940019D863 /* BootScene.sks */,
				D3B9CFE3209E439C0019D863 /* BootScene.swift */,
				E8F84D6820A77F93003E9F8E /* CrewScene.sks */,
				D37B21E4209F9E240067810B /* CrewScene.swift */,
				E81606FC20AAAD7800750E3E /* TransactionScene.sks */,
				E81606FA20AAAB0700750E3E /* TransactionScene.swift */,
				E816070020AAB9C200750E3E /* NeedFundsScene.sks */,
				E81606FE20AAB9B300750E3E /* NeedFundsScene.swift */,
				E81606F620AA604200750E3E /* UnitScene.sks */,
				E81606F420AA603400750E3E /* UnitScene.swift */,
				D31247F9209E680100981CCD /* LimitedMintableNonFungibleToken.swift */,
				D3B9CFBD209E19550019D863 /* GameViewController.swift */,
				D3B9CFBF209E19550019D863 /* Main.storyboard */,
				D3B9CFC2209E19570019D863 /* Assets.xcassets */,
				D3B9CFC4209E19570019D863 /* LaunchScreen.storyboard */,
				D3B9CFC7209E19570019D863 /* Info.plist */,
			);
			path = ExampleNativeDApp;
			sourceTree = "<group>";
		};
/* End PBXGroup section */

/* Begin PBXNativeTarget section */
		D3B9CFB1209E19550019D863 /* ExampleNativeDApp */ = {
			isa = PBXNativeTarget;
			buildConfigurationList = D3B9CFCA209E19570019D863 /* Build configuration list for PBXNativeTarget "ExampleNativeDApp" */;
			buildPhases = (
				33CA1180908134702B752A0D /* [CP] Check Pods Manifest.lock */,
				D3B9CFAE209E19550019D863 /* Sources */,
				D3B9CFAF209E19550019D863 /* Frameworks */,
				D3B9CFB0209E19550019D863 /* Resources */,
				7C4B4384115A42646E2105BD /* [CP] Embed Pods Frameworks */,
				D3B9CFDE209E1AE30019D863 /* Embed Frameworks */,
			);
			buildRules = (
			);
			dependencies = (
			);
			name = ExampleNativeDApp;
			productName = ExampleNativeDApp;
			productReference = D3B9CFB2209E19550019D863 /* ExampleNativeDApp.app */;
			productType = "com.apple.product-type.application";
		};
/* End PBXNativeTarget section */

/* Begin PBXProject section */
		D3B9CFAA209E19550019D863 /* Project object */ = {
			isa = PBXProject;
			attributes = {
				LastSwiftUpdateCheck = 0930;
				LastUpgradeCheck = 0930;
				ORGANIZATIONNAME = "Out There Labs";
				TargetAttributes = {
					D3B9CFB1209E19550019D863 = {
						CreatedOnToolsVersion = 9.3;
					};
				};
			};
			buildConfigurationList = D3B9CFAD209E19550019D863 /* Build configuration list for PBXProject "ExampleNativeDApp" */;
			compatibilityVersion = "Xcode 9.3";
			developmentRegion = en;
			hasScannedForEncodings = 0;
			knownRegions = (
				en,
				Base,
			);
			mainGroup = D3B9CFA9209E19550019D863;
			productRefGroup = D3B9CFB3209E19550019D863 /* Products */;
			projectDirPath = "";
			projectRoot = "";
			targets = (
				D3B9CFB1209E19550019D863 /* ExampleNativeDApp */,
			);
		};
/* End PBXProject section */

/* Begin PBXResourcesBuildPhase section */
		D3B9CFB0209E19550019D863 /* Resources */ = {
			isa = PBXResourcesBuildPhase;
			buildActionMask = 2147483647;
			files = (
				D31247F4209E487300981CCD /* AuthScene.sks in Resources */,
				E8F84D6920A77F93003E9F8E /* CrewScene.sks in Resources */,
				D3B9CFC1209E19550019D863 /* Main.storyboard in Resources */,
				D3B9CFE2209E43940019D863 /* BootScene.sks in Resources */,
				D3B9CFC3209E19570019D863 /* Assets.xcassets in Resources */,
				E816070120AAB9C200750E3E /* NeedFundsScene.sks in Resources */,
				E81606F720AA604200750E3E /* UnitScene.sks in Resources */,
				D3B9CFC6209E19570019D863 /* LaunchScreen.storyboard in Resources */,
				E81606FD20AAAD7800750E3E /* TransactionScene.sks in Resources */,
			);
			runOnlyForDeploymentPostprocessing = 0;
		};
/* End PBXResourcesBuildPhase section */

/* Begin PBXShellScriptBuildPhase section */
		33CA1180908134702B752A0D /* [CP] Check Pods Manifest.lock */ = {
			isa = PBXShellScriptBuildPhase;
			buildActionMask = 2147483647;
			files = (
			);
			inputPaths = (
				"${PODS_PODFILE_DIR_PATH}/Podfile.lock",
				"${PODS_ROOT}/Manifest.lock",
			);
			name = "[CP] Check Pods Manifest.lock";
			outputPaths = (
				"$(DERIVED_FILE_DIR)/Pods-Shared-ExampleNativeDApp-checkManifestLockResult.txt",
			);
			runOnlyForDeploymentPostprocessing = 0;
			shellPath = /bin/sh;
			shellScript = "diff \"${PODS_PODFILE_DIR_PATH}/Podfile.lock\" \"${PODS_ROOT}/Manifest.lock\" > /dev/null\nif [ $? != 0 ] ; then\n    # print error to STDERR\n    echo \"error: The sandbox is not in sync with the Podfile.lock. Run 'pod install' or update your CocoaPods installation.\" >&2\n    exit 1\nfi\n# This output is used by Xcode 'outputs' to avoid re-running this script phase.\necho \"SUCCESS\" > \"${SCRIPT_OUTPUT_FILE_0}\"\n";
			showEnvVarsInLog = 0;
		};
		7C4B4384115A42646E2105BD /* [CP] Embed Pods Frameworks */ = {
			isa = PBXShellScriptBuildPhase;
			buildActionMask = 2147483647;
			files = (
			);
			inputPaths = (
				"${SRCROOT}/Pods/Target Support Files/Pods-Shared-ExampleNativeDApp/Pods-Shared-ExampleNativeDApp-frameworks.sh",
				"${BUILT_PRODUCTS_DIR}/AppAuth/AppAuth.framework",
				"${BUILT_PRODUCTS_DIR}/BigInt.swift/BigInt.framework",
				"${BUILT_PRODUCTS_DIR}/Bitski/Bitski.framework",
				"${BUILT_PRODUCTS_DIR}/CryptoSwift/CryptoSwift.framework",
				"${BUILT_PRODUCTS_DIR}/PromiseKit/PromiseKit.framework",
				"${BUILT_PRODUCTS_DIR}/Web3/Web3.framework",
				"${BUILT_PRODUCTS_DIR}/secp256k1.swift/secp256k1.framework",
			);
			name = "[CP] Embed Pods Frameworks";
			outputPaths = (
				"${TARGET_BUILD_DIR}/${FRAMEWORKS_FOLDER_PATH}/AppAuth.framework",
				"${TARGET_BUILD_DIR}/${FRAMEWORKS_FOLDER_PATH}/BigInt.framework",
				"${TARGET_BUILD_DIR}/${FRAMEWORKS_FOLDER_PATH}/Bitski.framework",
				"${TARGET_BUILD_DIR}/${FRAMEWORKS_FOLDER_PATH}/CryptoSwift.framework",
				"${TARGET_BUILD_DIR}/${FRAMEWORKS_FOLDER_PATH}/PromiseKit.framework",
				"${TARGET_BUILD_DIR}/${FRAMEWORKS_FOLDER_PATH}/Web3.framework",
				"${TARGET_BUILD_DIR}/${FRAMEWORKS_FOLDER_PATH}/secp256k1.framework",
			);
			runOnlyForDeploymentPostprocessing = 0;
			shellPath = /bin/sh;
			shellScript = "\"${SRCROOT}/Pods/Target Support Files/Pods-Shared-ExampleNativeDApp/Pods-Shared-ExampleNativeDApp-frameworks.sh\"\n";
			showEnvVarsInLog = 0;
		};
/* End PBXShellScriptBuildPhase section */

/* Begin PBXSourcesBuildPhase section */
		D3B9CFAE209E19550019D863 /* Sources */ = {
			isa = PBXSourcesBuildPhase;
			buildActionMask = 2147483647;
			files = (
				D3B9CFE4209E439C0019D863 /* BootScene.swift in Sources */,
				E81606F520AA603400750E3E /* UnitScene.swift in Sources */,
				D3B9CFBE209E19550019D863 /* GameViewController.swift in Sources */,
				D31247F3209E459A00981CCD /* AuthScene.swift in Sources */,
				D37B21E5209F9E240067810B /* CrewScene.swift in Sources */,
				E81606FB20AAAB0700750E3E /* TransactionScene.swift in Sources */,
				D3B9CFB6209E19550019D863 /* AppDelegate.swift in Sources */,
				D31247FA209E680100981CCD /* LimitedMintableNonFungibleToken.swift in Sources */,
				E81606FF20AAB9B300750E3E /* NeedFundsScene.swift in Sources */,
			);
			runOnlyForDeploymentPostprocessing = 0;
		};
/* End PBXSourcesBuildPhase section */

/* Begin PBXVariantGroup section */
		D3B9CFBF209E19550019D863 /* Main.storyboard */ = {
			isa = PBXVariantGroup;
			children = (
				D3B9CFC0209E19550019D863 /* Base */,
			);
			name = Main.storyboard;
			sourceTree = "<group>";
		};
		D3B9CFC4209E19570019D863 /* LaunchScreen.storyboard */ = {
			isa = PBXVariantGroup;
			children = (
				D3B9CFC5209E19570019D863 /* Base */,
			);
			name = LaunchScreen.storyboard;
			sourceTree = "<group>";
		};
/* End PBXVariantGroup section */

/* Begin XCBuildConfiguration section */
		D3B9CFC8209E19570019D863 /* Debug */ = {
			isa = XCBuildConfiguration;
			buildSettings = {
				ALWAYS_SEARCH_USER_PATHS = NO;
				CLANG_ANALYZER_NONNULL = YES;
				CLANG_ANALYZER_NUMBER_OBJECT_CONVERSION = YES_AGGRESSIVE;
				CLANG_CXX_LANGUAGE_STANDARD = "gnu++14";
				CLANG_CXX_LIBRARY = "libc++";
				CLANG_ENABLE_MODULES = YES;
				CLANG_ENABLE_OBJC_ARC = YES;
				CLANG_ENABLE_OBJC_WEAK = YES;
				CLANG_WARN_BLOCK_CAPTURE_AUTORELEASING = YES;
				CLANG_WARN_BOOL_CONVERSION = YES;
				CLANG_WARN_COMMA = YES;
				CLANG_WARN_CONSTANT_CONVERSION = YES;
				CLANG_WARN_DEPRECATED_OBJC_IMPLEMENTATIONS = YES;
				CLANG_WARN_DIRECT_OBJC_ISA_USAGE = YES_ERROR;
				CLANG_WARN_DOCUMENTATION_COMMENTS = YES;
				CLANG_WARN_EMPTY_BODY = YES;
				CLANG_WARN_ENUM_CONVERSION = YES;
				CLANG_WARN_INFINITE_RECURSION = YES;
				CLANG_WARN_INT_CONVERSION = YES;
				CLANG_WARN_NON_LITERAL_NULL_CONVERSION = YES;
				CLANG_WARN_OBJC_IMPLICIT_RETAIN_SELF = YES;
				CLANG_WARN_OBJC_LITERAL_CONVERSION = YES;
				CLANG_WARN_OBJC_ROOT_CLASS = YES_ERROR;
				CLANG_WARN_RANGE_LOOP_ANALYSIS = YES;
				CLANG_WARN_STRICT_PROTOTYPES = YES;
				CLANG_WARN_SUSPICIOUS_MOVE = YES;
				CLANG_WARN_UNGUARDED_AVAILABILITY = YES_AGGRESSIVE;
				CLANG_WARN_UNREACHABLE_CODE = YES;
				CLANG_WARN__DUPLICATE_METHOD_MATCH = YES;
				CODE_SIGN_IDENTITY = "iPhone Developer";
				COPY_PHASE_STRIP = NO;
				DEBUG_INFORMATION_FORMAT = dwarf;
				ENABLE_STRICT_OBJC_MSGSEND = YES;
				ENABLE_TESTABILITY = YES;
				GCC_C_LANGUAGE_STANDARD = gnu11;
				GCC_DYNAMIC_NO_PIC = NO;
				GCC_NO_COMMON_BLOCKS = YES;
				GCC_OPTIMIZATION_LEVEL = 0;
				GCC_PREPROCESSOR_DEFINITIONS = (
					"DEBUG=1",
					"$(inherited)",
				);
				GCC_WARN_64_TO_32_BIT_CONVERSION = YES;
				GCC_WARN_ABOUT_RETURN_TYPE = YES_ERROR;
				GCC_WARN_UNDECLARED_SELECTOR = YES;
				GCC_WARN_UNINITIALIZED_AUTOS = YES_AGGRESSIVE;
				GCC_WARN_UNUSED_FUNCTION = YES;
				GCC_WARN_UNUSED_VARIABLE = YES;
				IPHONEOS_DEPLOYMENT_TARGET = 11.3;
				MTL_ENABLE_DEBUG_INFO = YES;
				ONLY_ACTIVE_ARCH = YES;
				SDKROOT = iphoneos;
				SWIFT_ACTIVE_COMPILATION_CONDITIONS = DEBUG;
				SWIFT_OPTIMIZATION_LEVEL = "-Onone";
			};
			name = Debug;
		};
		D3B9CFC9209E19570019D863 /* Release */ = {
			isa = XCBuildConfiguration;
			buildSettings = {
				ALWAYS_SEARCH_USER_PATHS = NO;
				CLANG_ANALYZER_NONNULL = YES;
				CLANG_ANALYZER_NUMBER_OBJECT_CONVERSION = YES_AGGRESSIVE;
				CLANG_CXX_LANGUAGE_STANDARD = "gnu++14";
				CLANG_CXX_LIBRARY = "libc++";
				CLANG_ENABLE_MODULES = YES;
				CLANG_ENABLE_OBJC_ARC = YES;
				CLANG_ENABLE_OBJC_WEAK = YES;
				CLANG_WARN_BLOCK_CAPTURE_AUTORELEASING = YES;
				CLANG_WARN_BOOL_CONVERSION = YES;
				CLANG_WARN_COMMA = YES;
				CLANG_WARN_CONSTANT_CONVERSION = YES;
				CLANG_WARN_DEPRECATED_OBJC_IMPLEMENTATIONS = YES;
				CLANG_WARN_DIRECT_OBJC_ISA_USAGE = YES_ERROR;
				CLANG_WARN_DOCUMENTATION_COMMENTS = YES;
				CLANG_WARN_EMPTY_BODY = YES;
				CLANG_WARN_ENUM_CONVERSION = YES;
				CLANG_WARN_INFINITE_RECURSION = YES;
				CLANG_WARN_INT_CONVERSION = YES;
				CLANG_WARN_NON_LITERAL_NULL_CONVERSION = YES;
				CLANG_WARN_OBJC_IMPLICIT_RETAIN_SELF = YES;
				CLANG_WARN_OBJC_LITERAL_CONVERSION = YES;
				CLANG_WARN_OBJC_ROOT_CLASS = YES_ERROR;
				CLANG_WARN_RANGE_LOOP_ANALYSIS = YES;
				CLANG_WARN_STRICT_PROTOTYPES = YES;
				CLANG_WARN_SUSPICIOUS_MOVE = YES;
				CLANG_WARN_UNGUARDED_AVAILABILITY = YES_AGGRESSIVE;
				CLANG_WARN_UNREACHABLE_CODE = YES;
				CLANG_WARN__DUPLICATE_METHOD_MATCH = YES;
				CODE_SIGN_IDENTITY = "iPhone Developer";
				COPY_PHASE_STRIP = NO;
				DEBUG_INFORMATION_FORMAT = "dwarf-with-dsym";
				ENABLE_NS_ASSERTIONS = NO;
				ENABLE_STRICT_OBJC_MSGSEND = YES;
				GCC_C_LANGUAGE_STANDARD = gnu11;
				GCC_NO_COMMON_BLOCKS = YES;
				GCC_WARN_64_TO_32_BIT_CONVERSION = YES;
				GCC_WARN_ABOUT_RETURN_TYPE = YES_ERROR;
				GCC_WARN_UNDECLARED_SELECTOR = YES;
				GCC_WARN_UNINITIALIZED_AUTOS = YES_AGGRESSIVE;
				GCC_WARN_UNUSED_FUNCTION = YES;
				GCC_WARN_UNUSED_VARIABLE = YES;
				IPHONEOS_DEPLOYMENT_TARGET = 11.3;
				MTL_ENABLE_DEBUG_INFO = NO;
				SDKROOT = iphoneos;
				SWIFT_COMPILATION_MODE = wholemodule;
				SWIFT_OPTIMIZATION_LEVEL = "-O";
				VALIDATE_PRODUCT = YES;
			};
			name = Release;
		};
		D3B9CFCB209E19570019D863 /* Debug */ = {
			isa = XCBuildConfiguration;
			baseConfigurationReference = 26E9AE34ADC3D75B1EC0AB33 /* Pods-Shared-ExampleNativeDApp.debug.xcconfig */;
			buildSettings = {
				ASSETCATALOG_COMPILER_APPICON_NAME = AppIcon;
				CODE_SIGN_STYLE = Automatic;
				DEVELOPMENT_TEAM = 6P9TD8XRR3;
				INFOPLIST_FILE = ExampleNativeDApp/Info.plist;
				LD_RUNPATH_SEARCH_PATHS = (
					"$(inherited)",
					"@executable_path/Frameworks",
				);
				PRODUCT_BUNDLE_IDENTIFIER = com.outtherelabs.ExampleNativeDApp;
				PRODUCT_NAME = "$(TARGET_NAME)";
				SWIFT_VERSION = 4.0;
				TARGETED_DEVICE_FAMILY = "1,2";
			};
			name = Debug;
		};
		D3B9CFCC209E19570019D863 /* Release */ = {
			isa = XCBuildConfiguration;
			baseConfigurationReference = 090DB9CE77B10D584013476F /* Pods-Shared-ExampleNativeDApp.release.xcconfig */;
			buildSettings = {
				ASSETCATALOG_COMPILER_APPICON_NAME = AppIcon;
				CODE_SIGN_STYLE = Automatic;
				DEVELOPMENT_TEAM = 6P9TD8XRR3;
				INFOPLIST_FILE = ExampleNativeDApp/Info.plist;
				LD_RUNPATH_SEARCH_PATHS = (
					"$(inherited)",
					"@executable_path/Frameworks",
				);
				PRODUCT_BUNDLE_IDENTIFIER = com.outtherelabs.ExampleNativeDApp;
				PRODUCT_NAME = "$(TARGET_NAME)";
				SWIFT_VERSION = 4.0;
				TARGETED_DEVICE_FAMILY = "1,2";
			};
			name = Release;
		};
/* End XCBuildConfiguration section */

/* Begin XCConfigurationList section */
		D3B9CFAD209E19550019D863 /* Build configuration list for PBXProject "ExampleNativeDApp" */ = {
			isa = XCConfigurationList;
			buildConfigurations = (
				D3B9CFC8209E19570019D863 /* Debug */,
				D3B9CFC9209E19570019D863 /* Release */,
			);
			defaultConfigurationIsVisible = 0;
			defaultConfigurationName = Release;
		};
		D3B9CFCA209E19570019D863 /* Build configuration list for PBXNativeTarget "ExampleNativeDApp" */ = {
			isa = XCConfigurationList;
			buildConfigurations = (
				D3B9CFCB209E19570019D863 /* Debug */,
				D3B9CFCC209E19570019D863 /* Release */,
			);
			defaultConfigurationIsVisible = 0;
			defaultConfigurationName = Release;
		};
/* End XCConfigurationList section */
	};
	rootObject = D3B9CFAA209E19550019D863 /* Project object */;
}
